
Microsoft Visual Studio Solution File, Format Version 12.00
# Visual Studio Version 16
VisualStudioVersion = 16.0.31702.278
MinimumVisualStudioVersion = 10.0.40219.1
Project("{FAE04EC0-301F-11D3-BF4B-00C04F79EFBC}") = "Test_Program3", "Test_Program3.csproj", "{BEB3C6B9-F859-4F94-A61D-325BC8D722D6}"
EndProject
Global
	GlobalSection(SolutionConfigurationPlatforms) = preSolution
		Debug|Any CPU = Debug|Any CPU
		Release|Any CPU = Release|Any CPU
	EndGlobalSection
	GlobalSection(ProjectConfigurationPlatforms) = postSolution
		{BEB3C6B9-F859-4F94-A61D-325BC8D722D6}.Debug|Any CPU.ActiveCfg = Debug|Any CPU
		{BEB3C6B9-F859-4F94-A61D-325BC8D722D6}.Debug|Any CPU.Build.0 = Debug|Any CPU
		{BEB3C6B9-F859-4F94-A61D-325BC8D722D6}.Release|Any CPU.ActiveCfg = Release|Any CPU
		{BEB3C6B9-F859-4F94-A61D-325BC8D722D6}.Release|Any CPU.Build.0 = Release|Any CPU
	EndGlobalSection
	GlobalSection(SolutionProperties) = preSolution
		HideSolutionNode = FALSE
	EndGlobalSection
	GlobalSection(ExtensibilityGlobals) = postSolution
		SolutionGuid = {F3F4D6CC-18F3-47E0-A7AA-5A76783F31A5}
	EndGlobalSection
EndGlobal
